
Microsoft Visual Studio Solution File, Format Version 12.00
# Visual Studio Version 16
VisualStudioVersion = 16.0.31129.286
MinimumVisualStudioVersion = 10.0.40219.1
Project("{FAE04EC0-301F-11D3-BF4B-00C04F79EFBC}") = "DataAccess", "DataAccess\DataAccess.csproj", "{54E15AC9-921D-4F29-9093-6BD284B3AC71}"
EndProject
Project("{FAE04EC0-301F-11D3-BF4B-00C04F79EFBC}") = "Business", "Business\Business.csproj", "{D723FF8E-D6FF-4E52-AF95-8AB92F3C4B2F}"
EndProject
Project("{FAE04EC0-301F-11D3-BF4B-00C04F79EFBC}") = "Entities", "Entities\Entities.csproj", "{2E26C0E3-E2DC-4A91-A649-327E470612B3}"
EndProject
Project("{FAE04EC0-301F-11D3-BF4B-00C04F79EFBC}") = "ConsolUI", "ConsolUI\ConsolUI.csproj", "{828D69F9-E8F2-4598-A1E5-C224DF74629A}"
EndProject
Global
	GlobalSection(SolutionConfigurationPlatforms) = preSolution
		Debug|Any CPU = Debug|Any CPU
		Release|Any CPU = Release|Any CPU
	EndGlobalSection
	GlobalSection(ProjectConfigurationPlatforms) = postSolution
		{54E15AC9-921D-4F29-9093-6BD284B3AC71}.Debug|Any CPU.ActiveCfg = Debug|Any CPU
		{54E15AC9-921D-4F29-9093-6BD284B3AC71}.Debug|Any CPU.Build.0 = Debug|Any CPU
		{54E15AC9-921D-4F29-9093-6BD284B3AC71}.Release|Any CPU.ActiveCfg = Release|Any CPU
		{54E15AC9-921D-4F29-9093-6BD284B3AC71}.Release|Any CPU.Build.0 = Release|Any CPU
		{D723FF8E-D6FF-4E52-AF95-8AB92F3C4B2F}.Debug|Any CPU.ActiveCfg = Debug|Any CPU
		{D723FF8E-D6FF-4E52-AF95-8AB92F3C4B2F}.Debug|Any CPU.Build.0 = Debug|Any CPU
		{D723FF8E-D6FF-4E52-AF95-8AB92F3C4B2F}.Release|Any CPU.ActiveCfg = Release|Any CPU
		{D723FF8E-D6FF-4E52-AF95-8AB92F3C4B2F}.Release|Any CPU.Build.0 = Release|Any CPU
		{2E26C0E3-E2DC-4A91-A649-327E470612B3}.Debug|Any CPU.ActiveCfg = Debug|Any CPU
		{2E26C0E3-E2DC-4A91-A649-327E470612B3}.Debug|Any CPU.Build.0 = Debug|Any CPU
		{2E26C0E3-E2DC-4A91-A649-327E470612B3}.Release|Any CPU.ActiveCfg = Release|Any CPU
		{2E26C0E3-E2DC-4A91-A649-327E470612B3}.Release|Any CPU.Build.0 = Release|Any CPU
		{828D69F9-E8F2-4598-A1E5-C224DF74629A}.Debug|Any CPU.ActiveCfg = Debug|Any CPU
		{828D69F9-E8F2-4598-A1E5-C224DF74629A}.Debug|Any CPU.Build.0 = Debug|Any CPU
		{828D69F9-E8F2-4598-A1E5-C224DF74629A}.Release|Any CPU.ActiveCfg = Release|Any CPU
		{828D69F9-E8F2-4598-A1E5-C224DF74629A}.Release|Any CPU.Build.0 = Release|Any CPU
	EndGlobalSection
	GlobalSection(SolutionProperties) = preSolution
		HideSolutionNode = FALSE
	EndGlobalSection
	GlobalSection(ExtensibilityGlobals) = postSolution
		SolutionGuid = {FB6118E6-6366-428F-9C5E-6D6D1EE932B5}
	EndGlobalSection
EndGlobal
